PODS:
  - FBRetainCycleDetector (0.1.4)
  - I18nDemo (0.1.0)
  - MLeaksFinder (1.0.0):
    - FBRetainCycleDetector
  - Toast (4.0.0)

DEPENDENCIES:
  - I18nDemo (from `https://github.com/ssrrxx111/I18NDemo.git`, branch `0.1.3`)
  - MLeaksFinder
  - Toast (~> 4.0.0)

SPEC REPOS:
  https://github.com/cocoapods/specs.git:
    - FBRetainCycleDetector
    - MLeaksFinder
    - Toast

EXTERNAL SOURCES:
  I18nDemo:
    :branch: 0.1.3
    :git: https://github.com/ssrrxx111/I18NDemo.git

CHECKOUT OPTIONS:
  I18nDemo:
    :commit: 7326aa6cf48d01293903c3f927cfd00917a40c25
    :git: https://github.com/ssrrxx111/I18NDemo.git

SPEC CHECKSUMS:
  FBRetainCycleDetector: 46f8179bbb1c587deee3ea838a1a3ee02acf5015
  I18nDemo: 38555c69d5c09fabd5ef9641e1a717d93857688a
  MLeaksFinder: 8c435bd2f6d070af18cff082b503b21adc130fc0
  Toast: 91b396c56ee72a5790816f40d3a94dd357abc196

PODFILE CHECKSUM: 5285c7444aa91128a50bb159a5a2c2c03aa09d1e

COCOAPODS: 1.7.5
